
Microsoft Visual Studio Solution File, Format Version 12.00
# Visual Studio Version 17
VisualStudioVersion = 17.2.32616.157
MinimumVisualStudioVersion = 10.0.40219.1
Project("{2150E333-8FDC-42A3-9474-1A3956D46DE8}") = "src", "src", "{7009A248-F469-4B9C-86F6-B94C3281E910}"
EndProject
Project("{2150E333-8FDC-42A3-9474-1A3956D46DE8}") = "Solution Items", "Solution Items", "{D50F6D50-67FB-42A5-9D67-7F669A7AF9DF}"
	ProjectSection(SolutionItems) = preProject
		ServiceUrls.txt = ServiceUrls.txt
	EndProjectSection
EndProject
Project("{2150E333-8FDC-42A3-9474-1A3956D46DE8}") = "ApiGateways", "ApiGateways", "{9CB756AC-6E36-4052-BAF5-518D97C1BA40}"
EndProject
Project("{2150E333-8FDC-42A3-9474-1A3956D46DE8}") = "BuildingBlocks", "BuildingBlocks", "{4DCB62CA-8A69-4F64-B4DF-6BC8BA4CFE95}"
EndProject
Project("{2150E333-8FDC-42A3-9474-1A3956D46DE8}") = "Services", "Services", "{60C29485-2D21-4576-8D32-CE31F9BCBF04}"
EndProject
Project("{2150E333-8FDC-42A3-9474-1A3956D46DE8}") = "EventBus", "EventBus", "{4716206B-2020-4846-83D8-745A229B4C78}"
EndProject
Project("{9A19103F-16F7-4668-BE54-9A1E7A4F7556}") = "EventBus.Base", "src\BuildingBlocks\EventBus\EventBus.Base\EventBus.Base.csproj", "{BFE1CD5D-EE9C-41FD-9BF7-2023DEC661AD}"
EndProject
Project("{9A19103F-16F7-4668-BE54-9A1E7A4F7556}") = "EventBus.Factory", "src\BuildingBlocks\EventBus\EventBus.Factory\EventBus.Factory.csproj", "{3435DB04-B97A-44BA-9655-50219288F6F3}"
EndProject
Project("{9A19103F-16F7-4668-BE54-9A1E7A4F7556}") = "EventBus.AzureServiceBus", "src\BuildingBlocks\EventBus\EventBus.AzureServiceBus\EventBus.AzureServiceBus.csproj", "{163038F1-4159-43B3-B7A5-D0B8A84E56D2}"
EndProject
Project("{9A19103F-16F7-4668-BE54-9A1E7A4F7556}") = "EventBus.RabbitMQ", "src\BuildingBlocks\EventBus\EventBus.RabbitMQ\EventBus.RabbitMQ.csproj", "{ACAEE123-E218-432A-9621-65C0C258B0E7}"
EndProject
Project("{2150E333-8FDC-42A3-9474-1A3956D46DE8}") = "BasketService", "BasketService", "{AC160E4D-4D15-4001-9E42-7FAE8F3F3C17}"
EndProject
Project("{9A19103F-16F7-4668-BE54-9A1E7A4F7556}") = "BaskerService.Api", "src\Services\BasketService\BaskerService.Api\BaskerService.Api.csproj", "{BFB65A2F-E6C1-4B20-A351-85694B1D0160}"
EndProject
Project("{2150E333-8FDC-42A3-9474-1A3956D46DE8}") = "CatalogService", "CatalogService", "{290D1900-AFF6-4106-A133-2FC8E728A3AB}"
EndProject
Project("{9A19103F-16F7-4668-BE54-9A1E7A4F7556}") = "CatalogService.Api", "src\Services\CatalogService\CatalogService.Api\CatalogService.Api.csproj", "{70241417-D2DA-4916-BD92-5756F6E1DE2A}"
EndProject
Project("{2150E333-8FDC-42A3-9474-1A3956D46DE8}") = "IdentityService", "IdentityService", "{C71564C7-5CD2-4783-B59A-D8B4CA8A14BD}"
EndProject
Project("{9A19103F-16F7-4668-BE54-9A1E7A4F7556}") = "IdentityService.Api", "src\Services\IdentityService\IdentityService.Api\IdentityService.Api.csproj", "{568B6016-7675-4E4B-9708-7000CF099846}"
EndProject
Project("{2150E333-8FDC-42A3-9474-1A3956D46DE8}") = "NotificationService", "NotificationService", "{264AC521-4CCB-460F-A5D7-C23A29567CD5}"
EndProject
Project("{9A19103F-16F7-4668-BE54-9A1E7A4F7556}") = "NotificationService", "src\Services\NotificationService\NotificationService\NotificationService.csproj", "{98E48716-B3D5-4518-A666-AD6E97AF8B4A}"
EndProject
Project("{2150E333-8FDC-42A3-9474-1A3956D46DE8}") = "OrderService", "OrderService", "{F1755305-253C-4863-A2B5-166F0B8793A7}"
EndProject
Project("{9A19103F-16F7-4668-BE54-9A1E7A4F7556}") = "OrderService.Domain", "src\Services\OrderService\OrderService.Domain\OrderService.Domain.csproj", "{5F111702-6025-4427-A733-CEEB6218DE7A}"
EndProject
Project("{9A19103F-16F7-4668-BE54-9A1E7A4F7556}") = "OrderService.Application", "src\Services\OrderService\OrderService.Application\OrderService.Application.csproj", "{46E66C03-8FB7-4544-932A-A1336BC72C80}"
EndProject
Project("{9A19103F-16F7-4668-BE54-9A1E7A4F7556}") = "OrderService.Infrastructure", "src\Services\OrderService\OrderService.Infrastructure\OrderService.Infrastructure.csproj", "{C06FB929-8F56-47E4-AED6-C82A2FF73A82}"
EndProject
Project("{9A19103F-16F7-4668-BE54-9A1E7A4F7556}") = "OrderService.Api", "src\Services\OrderService\OrderService.Api\OrderService.Api.csproj", "{38F9F537-77EF-482E-9B3E-2E6D22C61D8D}"
EndProject
Project("{2150E333-8FDC-42A3-9474-1A3956D46DE8}") = "PaymentService", "PaymentService", "{2D7FCE38-CB88-4240-A7F8-CD8A50FD5094}"
EndProject
Project("{9A19103F-16F7-4668-BE54-9A1E7A4F7556}") = "PaymentService.Api", "src\Services\PaymentService\PaymentService.Api\PaymentService.Api.csproj", "{A6480CCA-F0B2-4F43-A228-52F285ECDE1A}"
EndProject
Project("{2150E333-8FDC-42A3-9474-1A3956D46DE8}") = "Clients", "Clients", "{E97E7835-FDCA-4957-AB29-057B72504078}"
EndProject
Project("{2150E333-8FDC-42A3-9474-1A3956D46DE8}") = "BlazorWebApp", "BlazorWebApp", "{8B70C57D-FB4E-45E4-8D39-F457A675F7DA}"
EndProject
Project("{9A19103F-16F7-4668-BE54-9A1E7A4F7556}") = "WebApp", "src\Clients\BlazorWebApp\WebApp\WebApp.csproj", "{5C820F0C-F8A8-4508-9926-C079498F4B5B}"
EndProject
Project("{2150E333-8FDC-42A3-9474-1A3956D46DE8}") = "WebApiGateway", "WebApiGateway", "{09658A31-78D4-4386-8A43-A8E7D32B1536}"
EndProject
Project("{FAE04EC0-301F-11D3-BF4B-00C04F79EFBC}") = "Web.ApiGateway", "src\ApiGateways\WebApiGateway\Web.ApiGateway\Web.ApiGateway.csproj", "{55D6B824-6E32-4CD0-9CAE-F19C446EF982}"
EndProject
Global
	GlobalSection(SolutionConfigurationPlatforms) = preSolution
		Debug|Any CPU = Debug|Any CPU
		Release|Any CPU = Release|Any CPU
	EndGlobalSection
	GlobalSection(ProjectConfigurationPlatforms) = postSolution
		{BFE1CD5D-EE9C-41FD-9BF7-2023DEC661AD}.Debug|Any CPU.ActiveCfg = Debug|Any CPU
		{BFE1CD5D-EE9C-41FD-9BF7-2023DEC661AD}.Debug|Any CPU.Build.0 = Debug|Any CPU
		{BFE1CD5D-EE9C-41FD-9BF7-2023DEC661AD}.Release|Any CPU.ActiveCfg = Release|Any CPU
		{BFE1CD5D-EE9C-41FD-9BF7-2023DEC661AD}.Release|Any CPU.Build.0 = Release|Any CPU
		{3435DB04-B97A-44BA-9655-50219288F6F3}.Debug|Any CPU.ActiveCfg = Debug|Any CPU
		{3435DB04-B97A-44BA-9655-50219288F6F3}.Debug|Any CPU.Build.0 = Debug|Any CPU
		{3435DB04-B97A-44BA-9655-50219288F6F3}.Release|Any CPU.ActiveCfg = Release|Any CPU
		{3435DB04-B97A-44BA-9655-50219288F6F3}.Release|Any CPU.Build.0 = Release|Any CPU
		{163038F1-4159-43B3-B7A5-D0B8A84E56D2}.Debug|Any CPU.ActiveCfg = Debug|Any CPU
		{163038F1-4159-43B3-B7A5-D0B8A84E56D2}.Debug|Any CPU.Build.0 = Debug|Any CPU
		{163038F1-4159-43B3-B7A5-D0B8A84E56D2}.Release|Any CPU.ActiveCfg = Release|Any CPU
		{163038F1-4159-43B3-B7A5-D0B8A84E56D2}.Release|Any CPU.Build.0 = Release|Any CPU
		{ACAEE123-E218-432A-9621-65C0C258B0E7}.Debug|Any CPU.ActiveCfg = Debug|Any CPU
		{ACAEE123-E218-432A-9621-65C0C258B0E7}.Debug|Any CPU.Build.0 = Debug|Any CPU
		{ACAEE123-E218-432A-9621-65C0C258B0E7}.Release|Any CPU.ActiveCfg = Release|Any CPU
		{ACAEE123-E218-432A-9621-65C0C258B0E7}.Release|Any CPU.Build.0 = Release|Any CPU
		{BFB65A2F-E6C1-4B20-A351-85694B1D0160}.Debug|Any CPU.ActiveCfg = Debug|Any CPU
		{BFB65A2F-E6C1-4B20-A351-85694B1D0160}.Debug|Any CPU.Build.0 = Debug|Any CPU
		{BFB65A2F-E6C1-4B20-A351-85694B1D0160}.Release|Any CPU.ActiveCfg = Release|Any CPU
		{BFB65A2F-E6C1-4B20-A351-85694B1D0160}.Release|Any CPU.Build.0 = Release|Any CPU
		{70241417-D2DA-4916-BD92-5756F6E1DE2A}.Debug|Any CPU.ActiveCfg = Debug|Any CPU
		{70241417-D2DA-4916-BD92-5756F6E1DE2A}.Debug|Any CPU.Build.0 = Debug|Any CPU
		{70241417-D2DA-4916-BD92-5756F6E1DE2A}.Release|Any CPU.ActiveCfg = Release|Any CPU
		{70241417-D2DA-4916-BD92-5756F6E1DE2A}.Release|Any CPU.Build.0 = Release|Any CPU
		{568B6016-7675-4E4B-9708-7000CF099846}.Debug|Any CPU.ActiveCfg = Debug|Any CPU
		{568B6016-7675-4E4B-9708-7000CF099846}.Debug|Any CPU.Build.0 = Debug|Any CPU
		{568B6016-7675-4E4B-9708-7000CF099846}.Release|Any CPU.ActiveCfg = Release|Any CPU
		{568B6016-7675-4E4B-9708-7000CF099846}.Release|Any CPU.Build.0 = Release|Any CPU
		{98E48716-B3D5-4518-A666-AD6E97AF8B4A}.Debug|Any CPU.ActiveCfg = Debug|Any CPU
		{98E48716-B3D5-4518-A666-AD6E97AF8B4A}.Debug|Any CPU.Build.0 = Debug|Any CPU
		{98E48716-B3D5-4518-A666-AD6E97AF8B4A}.Release|Any CPU.ActiveCfg = Release|Any CPU
		{98E48716-B3D5-4518-A666-AD6E97AF8B4A}.Release|Any CPU.Build.0 = Release|Any CPU
		{5F111702-6025-4427-A733-CEEB6218DE7A}.Debug|Any CPU.ActiveCfg = Debug|Any CPU
		{5F111702-6025-4427-A733-CEEB6218DE7A}.Debug|Any CPU.Build.0 = Debug|Any CPU
		{5F111702-6025-4427-A733-CEEB6218DE7A}.Release|Any CPU.ActiveCfg = Release|Any CPU
		{5F111702-6025-4427-A733-CEEB6218DE7A}.Release|Any CPU.Build.0 = Release|Any CPU
		{46E66C03-8FB7-4544-932A-A1336BC72C80}.Debug|Any CPU.ActiveCfg = Debug|Any CPU
		{46E66C03-8FB7-4544-932A-A1336BC72C80}.Debug|Any CPU.Build.0 = Debug|Any CPU
		{46E66C03-8FB7-4544-932A-A1336BC72C80}.Release|Any CPU.ActiveCfg = Release|Any CPU
		{46E66C03-8FB7-4544-932A-A1336BC72C80}.Release|Any CPU.Build.0 = Release|Any CPU
		{C06FB929-8F56-47E4-AED6-C82A2FF73A82}.Debug|Any CPU.ActiveCfg = Debug|Any CPU
		{C06FB929-8F56-47E4-AED6-C82A2FF73A82}.Debug|Any CPU.Build.0 = Debug|Any CPU
		{C06FB929-8F56-47E4-AED6-C82A2FF73A82}.Release|Any CPU.ActiveCfg = Release|Any CPU
		{C06FB929-8F56-47E4-AED6-C82A2FF73A82}.Release|Any CPU.Build.0 = Release|Any CPU
		{38F9F537-77EF-482E-9B3E-2E6D22C61D8D}.Debug|Any CPU.ActiveCfg = Debug|Any CPU
		{38F9F537-77EF-482E-9B3E-2E6D22C61D8D}.Debug|Any CPU.Build.0 = Debug|Any CPU
		{38F9F537-77EF-482E-9B3E-2E6D22C61D8D}.Release|Any CPU.ActiveCfg = Release|Any CPU
		{38F9F537-77EF-482E-9B3E-2E6D22C61D8D}.Release|Any CPU.Build.0 = Release|Any CPU
		{A6480CCA-F0B2-4F43-A228-52F285ECDE1A}.Debug|Any CPU.ActiveCfg = Debug|Any CPU
		{A6480CCA-F0B2-4F43-A228-52F285ECDE1A}.Debug|Any CPU.Build.0 = Debug|Any CPU
		{A6480CCA-F0B2-4F43-A228-52F285ECDE1A}.Release|Any CPU.ActiveCfg = Release|Any CPU
		{A6480CCA-F0B2-4F43-A228-52F285ECDE1A}.Release|Any CPU.Build.0 = Release|Any CPU
		{5C820F0C-F8A8-4508-9926-C079498F4B5B}.Debug|Any CPU.ActiveCfg = Debug|Any CPU
		{5C820F0C-F8A8-4508-9926-C079498F4B5B}.Debug|Any CPU.Build.0 = Debug|Any CPU
		{5C820F0C-F8A8-4508-9926-C079498F4B5B}.Release|Any CPU.ActiveCfg = Release|Any CPU
		{5C820F0C-F8A8-4508-9926-C079498F4B5B}.Release|Any CPU.Build.0 = Release|Any CPU
		{55D6B824-6E32-4CD0-9CAE-F19C446EF982}.Debug|Any CPU.ActiveCfg = Debug|Any CPU
		{55D6B824-6E32-4CD0-9CAE-F19C446EF982}.Debug|Any CPU.Build.0 = Debug|Any CPU
		{55D6B824-6E32-4CD0-9CAE-F19C446EF982}.Release|Any CPU.ActiveCfg = Release|Any CPU
		{55D6B824-6E32-4CD0-9CAE-F19C446EF982}.Release|Any CPU.Build.0 = Release|Any CPU
	EndGlobalSection
	GlobalSection(SolutionProperties) = preSolution
		HideSolutionNode = FALSE
	EndGlobalSection
	GlobalSection(NestedProjects) = preSolution
		{9CB756AC-6E36-4052-BAF5-518D97C1BA40} = {7009A248-F469-4B9C-86F6-B94C3281E910}
		{4DCB62CA-8A69-4F64-B4DF-6BC8BA4CFE95} = {7009A248-F469-4B9C-86F6-B94C3281E910}
		{60C29485-2D21-4576-8D32-CE31F9BCBF04} = {7009A248-F469-4B9C-86F6-B94C3281E910}
		{4716206B-2020-4846-83D8-745A229B4C78} = {4DCB62CA-8A69-4F64-B4DF-6BC8BA4CFE95}
		{BFE1CD5D-EE9C-41FD-9BF7-2023DEC661AD} = {4716206B-2020-4846-83D8-745A229B4C78}
		{3435DB04-B97A-44BA-9655-50219288F6F3} = {4716206B-2020-4846-83D8-745A229B4C78}
		{163038F1-4159-43B3-B7A5-D0B8A84E56D2} = {4716206B-2020-4846-83D8-745A229B4C78}
		{ACAEE123-E218-432A-9621-65C0C258B0E7} = {4716206B-2020-4846-83D8-745A229B4C78}
		{AC160E4D-4D15-4001-9E42-7FAE8F3F3C17} = {60C29485-2D21-4576-8D32-CE31F9BCBF04}
		{BFB65A2F-E6C1-4B20-A351-85694B1D0160} = {AC160E4D-4D15-4001-9E42-7FAE8F3F3C17}
		{290D1900-AFF6-4106-A133-2FC8E728A3AB} = {60C29485-2D21-4576-8D32-CE31F9BCBF04}
		{70241417-D2DA-4916-BD92-5756F6E1DE2A} = {290D1900-AFF6-4106-A133-2FC8E728A3AB}
		{C71564C7-5CD2-4783-B59A-D8B4CA8A14BD} = {60C29485-2D21-4576-8D32-CE31F9BCBF04}
		{568B6016-7675-4E4B-9708-7000CF099846} = {C71564C7-5CD2-4783-B59A-D8B4CA8A14BD}
		{264AC521-4CCB-460F-A5D7-C23A29567CD5} = {60C29485-2D21-4576-8D32-CE31F9BCBF04}
		{98E48716-B3D5-4518-A666-AD6E97AF8B4A} = {264AC521-4CCB-460F-A5D7-C23A29567CD5}
		{F1755305-253C-4863-A2B5-166F0B8793A7} = {60C29485-2D21-4576-8D32-CE31F9BCBF04}
		{5F111702-6025-4427-A733-CEEB6218DE7A} = {F1755305-253C-4863-A2B5-166F0B8793A7}
		{46E66C03-8FB7-4544-932A-A1336BC72C80} = {F1755305-253C-4863-A2B5-166F0B8793A7}
		{C06FB929-8F56-47E4-AED6-C82A2FF73A82} = {F1755305-253C-4863-A2B5-166F0B8793A7}
		{38F9F537-77EF-482E-9B3E-2E6D22C61D8D} = {F1755305-253C-4863-A2B5-166F0B8793A7}
		{2D7FCE38-CB88-4240-A7F8-CD8A50FD5094} = {60C29485-2D21-4576-8D32-CE31F9BCBF04}
		{A6480CCA-F0B2-4F43-A228-52F285ECDE1A} = {2D7FCE38-CB88-4240-A7F8-CD8A50FD5094}
		{E97E7835-FDCA-4957-AB29-057B72504078} = {7009A248-F469-4B9C-86F6-B94C3281E910}
		{8B70C57D-FB4E-45E4-8D39-F457A675F7DA} = {E97E7835-FDCA-4957-AB29-057B72504078}
		{5C820F0C-F8A8-4508-9926-C079498F4B5B} = {8B70C57D-FB4E-45E4-8D39-F457A675F7DA}
		{09658A31-78D4-4386-8A43-A8E7D32B1536} = {9CB756AC-6E36-4052-BAF5-518D97C1BA40}
		{55D6B824-6E32-4CD0-9CAE-F19C446EF982} = {09658A31-78D4-4386-8A43-A8E7D32B1536}
	EndGlobalSection
	GlobalSection(ExtensibilityGlobals) = postSolution
		SolutionGuid = {48BC068D-1F09-482B-B0B8-D3EC1039D99C}
	EndGlobalSection
EndGlobal
